// !$*UTF8*$!
{
	archiveVersion = 1;
	classes = {
	};
	objectVersion = 55;
	objects = {

/* Begin PBXBuildFile section */
		22D33182274B4E6A005B72FF /* CravlesApp.swift in Sources */ = {isa = PBXBuildFile; fileRef = 22D33181274B4E6A005B72FF /* CravlesApp.swift */; };
		22D33184274B4E6A005B72FF /* ContentView.swift in Sources */ = {isa = PBXBuildFile; fileRef = 22D33183274B4E6A005B72FF /* ContentView.swift */; };
		22D33186274B4E6B005B72FF /* Assets.xcassets in Resources */ = {isa = PBXBuildFile; fileRef = 22D33185274B4E6B005B72FF /* Assets.xcassets */; };
		22D33189274B4E6B005B72FF /* Preview Assets.xcassets in Resources */ = {isa = PBXBuildFile; fileRef = 22D33188274B4E6B005B72FF /* Preview Assets.xcassets */; };
		22D3318B274B4E6B005B72FF /* Persistence.swift in Sources */ = {isa = PBXBuildFile; fileRef = 22D3318A274B4E6B005B72FF /* Persistence.swift */; };
		22D3318E274B4E6B005B72FF /* Cravles.xcdatamodeld in Sources */ = {isa = PBXBuildFile; fileRef = 22D3318C274B4E6B005B72FF /* Cravles.xcdatamodeld */; };
		D9E48187274B53EF004189CF /* ExerciseView.swift in Sources */ = {isa = PBXBuildFile; fileRef = D9E48186274B53EF004189CF /* ExerciseView.swift */; };
		D9E48189274BA04D004189CF /* SimulationExerciseView.swift in Sources */ = {isa = PBXBuildFile; fileRef = D9E48188274BA04D004189CF /* SimulationExerciseView.swift */; };
		D9E4818B274C15A3004189CF /* ambient.m4a in Resources */ = {isa = PBXBuildFile; fileRef = D9E4818A274C15A3004189CF /* ambient.m4a */; };
		D9E4818D274C1AAB004189CF /* Open.m4a in Resources */ = {isa = PBXBuildFile; fileRef = D9E4818C274C1AAB004189CF /* Open.m4a */; };
		D9E4818F274D54AA004189CF /* SimulationExerciseVM.swift in Sources */ = {isa = PBXBuildFile; fileRef = D9E4818E274D54AA004189CF /* SimulationExerciseVM.swift */; };
		D9E48193274D574D004189CF /* ExercisePlayView.swift in Sources */ = {isa = PBXBuildFile; fileRef = D9E48192274D574D004189CF /* ExercisePlayView.swift */; };
		D9E48195274D5AE9004189CF /* Audio.swift in Sources */ = {isa = PBXBuildFile; fileRef = D9E48194274D5AE9004189CF /* Audio.swift */; };
		E0F73BA4274B589900AE10DC /* ContentData.swift in Sources */ = {isa = PBXBuildFile; fileRef = E0F73BA3274B589900AE10DC /* ContentData.swift */; };
/* End PBXBuildFile section */

/* Begin PBXFileReference section */
		22D3317E274B4E69005B72FF /* Cravles.app */ = {isa = PBXFileReference; explicitFileType = wrapper.application; includeInIndex = 0; path = Cravles.app; sourceTree = BUILT_PRODUCTS_DIR; };
		22D33181274B4E6A005B72FF /* CravlesApp.swift */ = {isa = PBXFileReference; lastKnownFileType = sourcecode.swift; path = CravlesApp.swift; sourceTree = "<group>"; };
		22D33183274B4E6A005B72FF /* ContentView.swift */ = {isa = PBXFileReference; lastKnownFileType = sourcecode.swift; path = ContentView.swift; sourceTree = "<group>"; };
		22D33185274B4E6B005B72FF /* Assets.xcassets */ = {isa = PBXFileReference; lastKnownFileType = folder.assetcatalog; path = Assets.xcassets; sourceTree = "<group>"; };
		22D33188274B4E6B005B72FF /* Preview Assets.xcassets */ = {isa = PBXFileReference; lastKnownFileType = folder.assetcatalog; path = "Preview Assets.xcassets"; sourceTree = "<group>"; };
		22D3318A274B4E6B005B72FF /* Persistence.swift */ = {isa = PBXFileReference; lastKnownFileType = sourcecode.swift; path = Persistence.swift; sourceTree = "<group>"; };
		22D3318D274B4E6B005B72FF /* Cravles.xcdatamodel */ = {isa = PBXFileReference; lastKnownFileType = wrapper.xcdatamodel; path = Cravles.xcdatamodel; sourceTree = "<group>"; };
		D9E48186274B53EF004189CF /* ExerciseView.swift */ = {isa = PBXFileReference; lastKnownFileType = sourcecode.swift; path = ExerciseView.swift; sourceTree = "<group>"; };
		D9E48188274BA04D004189CF /* SimulationExerciseView.swift */ = {isa = PBXFileReference; lastKnownFileType = sourcecode.swift; path = SimulationExerciseView.swift; sourceTree = "<group>"; };
		D9E4818A274C15A3004189CF /* ambient.m4a */ = {isa = PBXFileReference; lastKnownFileType = file; path = ambient.m4a; sourceTree = "<group>"; };
		D9E4818C274C1AAB004189CF /* Open.m4a */ = {isa = PBXFileReference; lastKnownFileType = file; path = Open.m4a; sourceTree = "<group>"; };
		D9E4818E274D54AA004189CF /* SimulationExerciseVM.swift */ = {isa = PBXFileReference; lastKnownFileType = sourcecode.swift; path = SimulationExerciseVM.swift; sourceTree = "<group>"; };
		D9E48192274D574D004189CF /* ExercisePlayView.swift */ = {isa = PBXFileReference; lastKnownFileType = sourcecode.swift; path = ExercisePlayView.swift; sourceTree = "<group>"; };
		D9E48194274D5AE9004189CF /* Audio.swift */ = {isa = PBXFileReference; lastKnownFileType = sourcecode.swift; path = Audio.swift; sourceTree = "<group>"; };
		E0F73BA3274B589900AE10DC /* ContentData.swift */ = {isa = PBXFileReference; lastKnownFileType = sourcecode.swift; path = ContentData.swift; sourceTree = "<group>"; };
/* End PBXFileReference section */

/* Begin PBXFrameworksBuildPhase section */
		22D3317B274B4E69005B72FF /* Frameworks */ = {
			isa = PBXFrameworksBuildPhase;
			buildActionMask = 2147483647;
			files = (
			);
			runOnlyForDeploymentPostprocessing = 0;
		};
/* End PBXFrameworksBuildPhase section */

/* Begin PBXGroup section */
		22D33175274B4E69005B72FF = {
			isa = PBXGroup;
			children = (
				22D33180274B4E69005B72FF /* Cravles */,
				22D3317F274B4E69005B72FF /* Products */,
			);
			sourceTree = "<group>";
		};
		22D3317F274B4E69005B72FF /* Products */ = {
			isa = PBXGroup;
			children = (
				22D3317E274B4E69005B72FF /* Cravles.app */,
			);
			name = Products;
			sourceTree = "<group>";
		};
		22D33180274B4E69005B72FF /* Cravles */ = {
			isa = PBXGroup;
			children = (
				D9E48190274D54B3004189CF /* ViewModel */,
				E0F73BA2274B583000AE10DC /* Model  */,
				D9E48191274D54C9004189CF /* View */,
				22D33181274B4E6A005B72FF /* CravlesApp.swift */,
				22D33183274B4E6A005B72FF /* ContentView.swift */,
				D9E4818A274C15A3004189CF /* ambient.m4a */,
				D9E4818C274C1AAB004189CF /* Open.m4a */,
				22D33185274B4E6B005B72FF /* Assets.xcassets */,
				22D3318A274B4E6B005B72FF /* Persistence.swift */,
				22D3318C274B4E6B005B72FF /* Cravles.xcdatamodeld */,
				22D33187274B4E6B005B72FF /* Preview Content */,
			);
			path = Cravles;
			sourceTree = "<group>";
		};
		22D33187274B4E6B005B72FF /* Preview Content */ = {
			isa = PBXGroup;
			children = (
				22D33188274B4E6B005B72FF /* Preview Assets.xcassets */,
			);
			path = "Preview Content";
			sourceTree = "<group>";
		};
		D9E48190274D54B3004189CF /* ViewModel */ = {
			isa = PBXGroup;
			children = (
				D9E4818E274D54AA004189CF /* SimulationExerciseVM.swift */,
			);
			path = ViewModel;
			sourceTree = "<group>";
		};
		D9E48191274D54C9004189CF /* View */ = {
			isa = PBXGroup;
			children = (
				D9E48186274B53EF004189CF /* ExerciseView.swift */,
				D9E48188274BA04D004189CF /* SimulationExerciseView.swift */,
				D9E48192274D574D004189CF /* ExercisePlayView.swift */,
			);
			path = View;
			sourceTree = "<group>";
		};
		E0F73BA2274B583000AE10DC /* Model  */ = {
			isa = PBXGroup;
			children = (
				E0F73BA3274B589900AE10DC /* ContentData.swift */,
				D9E48194274D5AE9004189CF /* Audio.swift */,
			);
			path = "Model ";
			sourceTree = "<group>";
		};
/* End PBXGroup section */

/* Begin PBXNativeTarget section */
		22D3317D274B4E69005B72FF /* Cravles */ = {
			isa = PBXNativeTarget;
			buildConfigurationList = 22D33191274B4E6B005B72FF /* Build configuration list for PBXNativeTarget "Cravles" */;
			buildPhases = (
				22D3317A274B4E69005B72FF /* Sources */,
				22D3317B274B4E69005B72FF /* Frameworks */,
				22D3317C274B4E69005B72FF /* Resources */,
			);
			buildRules = (
			);
			dependencies = (
			);
			name = Cravles;
			productName = Cravles;
			productReference = 22D3317E274B4E69005B72FF /* Cravles.app */;
			productType = "com.apple.product-type.application";
		};
/* End PBXNativeTarget section */

/* Begin PBXProject section */
		22D33176274B4E69005B72FF /* Project object */ = {
			isa = PBXProject;
			attributes = {
				BuildIndependentTargetsInParallel = 1;
				LastSwiftUpdateCheck = 1310;
				LastUpgradeCheck = 1310;
				TargetAttributes = {
					22D3317D274B4E69005B72FF = {
						CreatedOnToolsVersion = 13.1;
					};
				};
			};
			buildConfigurationList = 22D33179274B4E69005B72FF /* Build configuration list for PBXProject "Cravles" */;
			compatibilityVersion = "Xcode 13.0";
			developmentRegion = en;
			hasScannedForEncodings = 0;
			knownRegions = (
				en,
				Base,
			);
			mainGroup = 22D33175274B4E69005B72FF;
			productRefGroup = 22D3317F274B4E69005B72FF /* Products */;
			projectDirPath = "";
			projectRoot = "";
			targets = (
				22D3317D274B4E69005B72FF /* Cravles */,
			);
		};
/* End PBXProject section */

/* Begin PBXResourcesBuildPhase section */
		22D3317C274B4E69005B72FF /* Resources */ = {
			isa = PBXResourcesBuildPhase;
			buildActionMask = 2147483647;
			files = (
				22D33189274B4E6B005B72FF /* Preview Assets.xcassets in Resources */,
				D9E4818B274C15A3004189CF /* ambient.m4a in Resources */,
				D9E4818D274C1AAB004189CF /* Open.m4a in Resources */,
				22D33186274B4E6B005B72FF /* Assets.xcassets in Resources */,
			);
			runOnlyForDeploymentPostprocessing = 0;
		};
/* End PBXResourcesBuildPhase section */

/* Begin PBXSourcesBuildPhase section */
		22D3317A274B4E69005B72FF /* Sources */ = {
			isa = PBXSourcesBuildPhase;
			buildActionMask = 2147483647;
			files = (
				22D3318E274B4E6B005B72FF /* Cravles.xcdatamodeld in Sources */,
				E0F73BA4274B589900AE10DC /* ContentData.swift in Sources */,
				22D3318B274B4E6B005B72FF /* Persistence.swift in Sources */,
				22D33184274B4E6A005B72FF /* ContentView.swift in Sources */,
				D9E48195274D5AE9004189CF /* Audio.swift in Sources */,
				D9E48189274BA04D004189CF /* SimulationExerciseView.swift in Sources */,
				D9E4818F274D54AA004189CF /* SimulationExerciseVM.swift in Sources */,
				D9E48193274D574D004189CF /* ExercisePlayView.swift in Sources */,
				22D33182274B4E6A005B72FF /* CravlesApp.swift in Sources */,
				D9E48187274B53EF004189CF /* ExerciseView.swift in Sources */,
			);
			runOnlyForDeploymentPostprocessing = 0;
		};
/* End PBXSourcesBuildPhase section */

/* Begin XCBuildConfiguration section */
		22D3318F274B4E6B005B72FF /* Debug */ = {
			isa = XCBuildConfiguration;
			buildSettings = {
				ALWAYS_SEARCH_USER_PATHS = NO;
				CLANG_ANALYZER_NONNULL = YES;
				CLANG_ANALYZER_NUMBER_OBJECT_CONVERSION = YES_AGGRESSIVE;
				CLANG_CXX_LANGUAGE_STANDARD = "gnu++17";
				CLANG_CXX_LIBRARY = "libc++";
				CLANG_ENABLE_MODULES = YES;
				CLANG_ENABLE_OBJC_ARC = YES;
				CLANG_ENABLE_OBJC_WEAK = YES;
				CLANG_WARN_BLOCK_CAPTURE_AUTORELEASING = YES;
				CLANG_WARN_BOOL_CONVERSION = YES;
				CLANG_WARN_COMMA = YES;
				CLANG_WARN_CONSTANT_CONVERSION = YES;
				CLANG_WARN_DEPRECATED_OBJC_IMPLEMENTATIONS = YES;
				CLANG_WARN_DIRECT_OBJC_ISA_USAGE = YES_ERROR;
				CLANG_WARN_DOCUMENTATION_COMMENTS = YES;
				CLANG_WARN_EMPTY_BODY = YES;
				CLANG_WARN_ENUM_CONVERSION = YES;
				CLANG_WARN_INFINITE_RECURSION = YES;
				CLANG_WARN_INT_CONVERSION = YES;
				CLANG_WARN_NON_LITERAL_NULL_CONVERSION = YES;
				CLANG_WARN_OBJC_IMPLICIT_RETAIN_SELF = YES;
				CLANG_WARN_OBJC_LITERAL_CONVERSION = YES;
				CLANG_WARN_OBJC_ROOT_CLASS = YES_ERROR;
				CLANG_WARN_QUOTED_INCLUDE_IN_FRAMEWORK_HEADER = YES;
				CLANG_WARN_RANGE_LOOP_ANALYSIS = YES;
				CLANG_WARN_STRICT_PROTOTYPES = YES;
				CLANG_WARN_SUSPICIOUS_MOVE = YES;
				CLANG_WARN_UNGUARDED_AVAILABILITY = YES_AGGRESSIVE;
				CLANG_WARN_UNREACHABLE_CODE = YES;
				CLANG_WARN__DUPLICATE_METHOD_MATCH = YES;
				COPY_PHASE_STRIP = NO;
				DEBUG_INFORMATION_FORMAT = dwarf;
				ENABLE_STRICT_OBJC_MSGSEND = YES;
				ENABLE_TESTABILITY = YES;
				GCC_C_LANGUAGE_STANDARD = gnu11;
				GCC_DYNAMIC_NO_PIC = NO;
				GCC_NO_COMMON_BLOCKS = YES;
				GCC_OPTIMIZATION_LEVEL = 0;
				GCC_PREPROCESSOR_DEFINITIONS = (
					"DEBUG=1",
					"$(inherited)",
				);
				GCC_WARN_64_TO_32_BIT_CONVERSION = YES;
				GCC_WARN_ABOUT_RETURN_TYPE = YES_ERROR;
				GCC_WARN_UNDECLARED_SELECTOR = YES;
				GCC_WARN_UNINITIALIZED_AUTOS = YES_AGGRESSIVE;
				GCC_WARN_UNUSED_FUNCTION = YES;
				GCC_WARN_UNUSED_VARIABLE = YES;
				IPHONEOS_DEPLOYMENT_TARGET = 15.0;
				MTL_ENABLE_DEBUG_INFO = INCLUDE_SOURCE;
				MTL_FAST_MATH = YES;
				ONLY_ACTIVE_ARCH = YES;
				SDKROOT = iphoneos;
				SWIFT_ACTIVE_COMPILATION_CONDITIONS = DEBUG;
				SWIFT_OPTIMIZATION_LEVEL = "-Onone";
			};
			name = Debug;
		};
		22D33190274B4E6B005B72FF /* Release */ = {
			isa = XCBuildConfiguration;
			buildSettings = {
				ALWAYS_SEARCH_USER_PATHS = NO;
				CLANG_ANALYZER_NONNULL = YES;
				CLANG_ANALYZER_NUMBER_OBJECT_CONVERSION = YES_AGGRESSIVE;
				CLANG_CXX_LANGUAGE_STANDARD = "gnu++17";
				CLANG_CXX_LIBRARY = "libc++";
				CLANG_ENABLE_MODULES = YES;
				CLANG_ENABLE_OBJC_ARC = YES;
				CLANG_ENABLE_OBJC_WEAK = YES;
				CLANG_WARN_BLOCK_CAPTURE_AUTORELEASING = YES;
				CLANG_WARN_BOOL_CONVERSION = YES;
				CLANG_WARN_COMMA = YES;
				CLANG_WARN_CONSTANT_CONVERSION = YES;
				CLANG_WARN_DEPRECATED_OBJC_IMPLEMENTATIONS = YES;
				CLANG_WARN_DIRECT_OBJC_ISA_USAGE = YES_ERROR;
				CLANG_WARN_DOCUMENTATION_COMMENTS = YES;
				CLANG_WARN_EMPTY_BODY = YES;
				CLANG_WARN_ENUM_CONVERSION = YES;
				CLANG_WARN_INFINITE_RECURSION = YES;
				CLANG_WARN_INT_CONVERSION = YES;
				CLANG_WARN_NON_LITERAL_NULL_CONVERSION = YES;
				CLANG_WARN_OBJC_IMPLICIT_RETAIN_SELF = YES;
				CLANG_WARN_OBJC_LITERAL_CONVERSION = YES;
				CLANG_WARN_OBJC_ROOT_CLASS = YES_ERROR;
				CLANG_WARN_QUOTED_INCLUDE_IN_FRAMEWORK_HEADER = YES;
				CLANG_WARN_RANGE_LOOP_ANALYSIS = YES;
				CLANG_WARN_STRICT_PROTOTYPES = YES;
				CLANG_WARN_SUSPICIOUS_MOVE = YES;
				CLANG_WARN_UNGUARDED_AVAILABILITY = YES_AGGRESSIVE;
				CLANG_WARN_UNREACHABLE_CODE = YES;
				CLANG_WARN__DUPLICATE_METHOD_MATCH = YES;
				COPY_PHASE_STRIP = NO;
				DEBUG_INFORMATION_FORMAT = "dwarf-with-dsym";
				ENABLE_NS_ASSERTIONS = NO;
				ENABLE_STRICT_OBJC_MSGSEND = YES;
				GCC_C_LANGUAGE_STANDARD = gnu11;
				GCC_NO_COMMON_BLOCKS = YES;
				GCC_WARN_64_TO_32_BIT_CONVERSION = YES;
				GCC_WARN_ABOUT_RETURN_TYPE = YES_ERROR;
				GCC_WARN_UNDECLARED_SELECTOR = YES;
				GCC_WARN_UNINITIALIZED_AUTOS = YES_AGGRESSIVE;
				GCC_WARN_UNUSED_FUNCTION = YES;
				GCC_WARN_UNUSED_VARIABLE = YES;
				IPHONEOS_DEPLOYMENT_TARGET = 15.0;
				MTL_ENABLE_DEBUG_INFO = NO;
				MTL_FAST_MATH = YES;
				SDKROOT = iphoneos;
				SWIFT_COMPILATION_MODE = wholemodule;
				SWIFT_OPTIMIZATION_LEVEL = "-O";
				VALIDATE_PRODUCT = YES;
			};
			name = Release;
		};
		22D33192274B4E6B005B72FF /* Debug */ = {
			isa = XCBuildConfiguration;
			buildSettings = {
				ASSETCATALOG_COMPILER_APPICON_NAME = AppIcon;
				ASSETCATALOG_COMPILER_GLOBAL_ACCENT_COLOR_NAME = AccentColor;
				CODE_SIGN_STYLE = Automatic;
				CURRENT_PROJECT_VERSION = 1;
				DEVELOPMENT_ASSET_PATHS = "\"Cravles/Preview Content\"";
				DEVELOPMENT_TEAM = 8WWR82GRZD;
				ENABLE_PREVIEWS = YES;
				GENERATE_INFOPLIST_FILE = YES;
				INFOPLIST_KEY_UIApplicationSceneManifest_Generation = YES;
				INFOPLIST_KEY_UIApplicationSupportsIndirectInputEvents = YES;
				INFOPLIST_KEY_UILaunchScreen_Generation = YES;
				INFOPLIST_KEY_UISupportedInterfaceOrientations_iPad = "UIInterfaceOrientationPortrait UIInterfaceOrientationPortraitUpsideDown UIInterfaceOrientationLandscapeLeft UIInterfaceOrientationLandscapeRight";
				INFOPLIST_KEY_UISupportedInterfaceOrientations_iPhone = "UIInterfaceOrientationPortrait UIInterfaceOrientationLandscapeLeft UIInterfaceOrientationLandscapeRight";
				LD_RUNPATH_SEARCH_PATHS = (
					"$(inherited)",
					"@executable_path/Frameworks",
				);
				MARKETING_VERSION = 1.0;
				PRODUCT_BUNDLE_IDENTIFIER = id.infinitelearning.Cravles;
				PRODUCT_NAME = "$(TARGET_NAME)";
				SWIFT_EMIT_LOC_STRINGS = YES;
				SWIFT_VERSION = 5.0;
				TARGETED_DEVICE_FAMILY = "1,2";
			};
			name = Debug;
		};
		22D33193274B4E6B005B72FF /* Release */ = {
			isa = XCBuildConfiguration;
			buildSettings = {
				ASSETCATALOG_COMPILER_APPICON_NAME = AppIcon;
				ASSETCATALOG_COMPILER_GLOBAL_ACCENT_COLOR_NAME = AccentColor;
				CODE_SIGN_STYLE = Automatic;
				CURRENT_PROJECT_VERSION = 1;
				DEVELOPMENT_ASSET_PATHS = "\"Cravles/Preview Content\"";
				DEVELOPMENT_TEAM = 8WWR82GRZD;
				ENABLE_PREVIEWS = YES;
				GENERATE_INFOPLIST_FILE = YES;
				INFOPLIST_KEY_UIApplicationSceneManifest_Generation = YES;
				INFOPLIST_KEY_UIApplicationSupportsIndirectInputEvents = YES;
				INFOPLIST_KEY_UILaunchScreen_Generation = YES;
				INFOPLIST_KEY_UISupportedInterfaceOrientations_iPad = "UIInterfaceOrientationPortrait UIInterfaceOrientationPortraitUpsideDown UIInterfaceOrientationLandscapeLeft UIInterfaceOrientationLandscapeRight";
				INFOPLIST_KEY_UISupportedInterfaceOrientations_iPhone = "UIInterfaceOrientationPortrait UIInterfaceOrientationLandscapeLeft UIInterfaceOrientationLandscapeRight";
				LD_RUNPATH_SEARCH_PATHS = (
					"$(inherited)",
					"@executable_path/Frameworks",
				);
				MARKETING_VERSION = 1.0;
				PRODUCT_BUNDLE_IDENTIFIER = id.infinitelearning.Cravles;
				PRODUCT_NAME = "$(TARGET_NAME)";
				SWIFT_EMIT_LOC_STRINGS = YES;
				SWIFT_VERSION = 5.0;
				TARGETED_DEVICE_FAMILY = "1,2";
			};
			name = Release;
		};
/* End XCBuildConfiguration section */

/* Begin XCConfigurationList section */
		22D33179274B4E69005B72FF /* Build configuration list for PBXProject "Cravles" */ = {
			isa = XCConfigurationList;
			buildConfigurations = (
				22D3318F274B4E6B005B72FF /* Debug */,
				22D33190274B4E6B005B72FF /* Release */,
			);
			defaultConfigurationIsVisible = 0;
			defaultConfigurationName = Release;
		};
		22D33191274B4E6B005B72FF /* Build configuration list for PBXNativeTarget "Cravles" */ = {
			isa = XCConfigurationList;
			buildConfigurations = (
				22D33192274B4E6B005B72FF /* Debug */,
				22D33193274B4E6B005B72FF /* Release */,
			);
			defaultConfigurationIsVisible = 0;
			defaultConfigurationName = Release;
		};
/* End XCConfigurationList section */

/* Begin XCVersionGroup section */
		22D3318C274B4E6B005B72FF /* Cravles.xcdatamodeld */ = {
			isa = XCVersionGroup;
			children = (
				22D3318D274B4E6B005B72FF /* Cravles.xcdatamodel */,
			);
			currentVersion = 22D3318D274B4E6B005B72FF /* Cravles.xcdatamodel */;
			path = Cravles.xcdatamodeld;
			sourceTree = "<group>";
			versionGroupType = wrapper.xcdatamodel;
		};
/* End XCVersionGroup section */
	};
	rootObject = 22D33176274B4E69005B72FF /* Project object */;
}
